
Microsoft Visual Studio Solution File, Format Version 12.00
# Visual Studio Version 16
VisualStudioVersion = 16.0.29001.49
MinimumVisualStudioVersion = 10.0.40219.1
Project("{FAE04EC0-301F-11D3-BF4B-00C04F79EFBC}") = "Gerenciador_Chaves_Office_Windows(GCOW)", "Gerenciador_Chaves_Office_Windows(GCOW)\Gerenciador_Chaves_Office_Windows(GCOW).csproj", "{76ED235A-E1D8-47E6-8211-E22846DFDD9F}"
EndProject
Global
	GlobalSection(SolutionConfigurationPlatforms) = preSolution
		Debug|Any CPU = Debug|Any CPU
		Release|Any CPU = Release|Any CPU
	EndGlobalSection
	GlobalSection(ProjectConfigurationPlatforms) = postSolution
		{76ED235A-E1D8-47E6-8211-E22846DFDD9F}.Debug|Any CPU.ActiveCfg = Debug|Any CPU
		{76ED235A-E1D8-47E6-8211-E22846DFDD9F}.Debug|Any CPU.Build.0 = Debug|Any CPU
		{76ED235A-E1D8-47E6-8211-E22846DFDD9F}.Release|Any CPU.ActiveCfg = Release|Any CPU
		{76ED235A-E1D8-47E6-8211-E22846DFDD9F}.Release|Any CPU.Build.0 = Release|Any CPU
	EndGlobalSection
	GlobalSection(SolutionProperties) = preSolution
		HideSolutionNode = FALSE
	EndGlobalSection
	GlobalSection(ExtensibilityGlobals) = postSolution
		SolutionGuid = {88F91161-E564-45E7-BB26-20C3C0119B30}
	EndGlobalSection
EndGlobal
